{
    "_meta": {
        "hash": {
            "sha256": "6bd7dce3510e68de7789c9aa1557a28f825c5ac11e4fd696932b05e06b8d77eb"
        },
        "pipfile-spec": 6,
        "requires": {
            "python_version": "3.6"
        },
        "sources": [
            {
                "name": "pypi",
                "url": "https://pypi.org/simple",
                "verify_ssl": true
            }
        ]
    },
    "default": {
        "alembic": {
            "hashes": [
                "sha256:7fb8a456d6c47fe24b87e02acb405b2094545f9b574beb80105a64fe9b335a45"
            ],
            "index": "pypi",
            "version": "==0.8.7"
        },
        "click": {
            "hashes": [
                "sha256:cc6a19da8ebff6e7074f731447ef7e112bd23adf3de5c597cf9989f2fd8defe9",
                "sha256:fcf697e1fd4b567d817c69dab10a4035937fe6af175c05fd6806b69f74cbc6c4"
            ],
            "index": "pypi",
            "version": "==6.6"
        },
        "eventlet": {
            "hashes": [
                "sha256:306373b8adda84b7d471f5829c59ca33f9438c8ecd34daf5cddde19d376caf21",
                "sha256:35ff1069bd3df46e9e04854b3a58241c01757ba7f87e4038343850a46eba6390"
            ],
            "index": "pypi",
            "version": "==0.19.0"
        },
        "flask": {
            "hashes": [
                "sha256:a4f97abd30d289e548434ef42317a793f58087be1989eab96f2c647470e77000",
                "sha256:b4713f2bfb9ebc2966b8a49903ae0d3984781d5c878591cf2f7b484d28756b0e"
            ],
            "index": "pypi",
            "version": "==0.11.1"
        },
        "flask-login": {
            "hashes": [
                "sha256:e72eff5c35e5a31db1aeca1db5d2501be702674ea88e8f223b5d2b11644beee6"
            ],
            "index": "pypi",
            "version": "==0.3.2"
        },
        "flask-migrate": {
            "hashes": [
                "sha256:607846b78e5425e197d660843ef0cb4381d44db3c86debc9e4cbb6c207cfb309"
            ],
            "index": "pypi",
            "version": "==1.8.1"
        },
        "flask-script": {
            "hashes": [
                "sha256:cef76eac751396355429a14c38967bb14d4973c53e07dec94af5cc8fb017107f"
            ],
            "index": "pypi",
            "version": "==2.0.5"
        },
        "flask-socketio": {
            "hashes": [
                "sha256:7494045d5e21dd71d520738d2b76a6d88e8e38c17da34daf5ba2fbaf9e01ed83"
            ],
            "index": "pypi",
            "version": "==2.6.1"
        },
        "flask-sqlalchemy": {
            "hashes": [
                "sha256:c5244de44cc85d2267115624d83faef3f9e8f088756788694f305a5d5ad137c5"
            ],
            "index": "pypi",
            "version": "==2.1"
        },
        "greenlet": {
            "hashes": [
                "sha256:1017efcb7c2078f081dc9b505f2fff606e683e672ddea9a7dbd332222c6a0a7c",
                "sha256:12efc20be79d6f5a61257758b0d926ea083e0e93ca9a3f07bd6ebfac37327a9b",
                "sha256:1b537b3144ef518586f7935e3671f0f8195056288936dcd200744f285b7e24ae",
                "sha256:1b6642acde2889c8cef00ef237e28cfdb1e928ea1c7e08d06d67b4a42a73fcff",
                "sha256:1f8bf39807016d97778e12c45510addc6996f965a0b40aa7ecbb28a73ed9861c",
                "sha256:37bcb3e2cf8f67ce6b735b1c50f098c6774f5cf47258de58561e05c639dad356",
                "sha256:3cd07825d98ed834a74821fcd8f1c40d8410b6cf92726dcaaad4b46b440da852",
                "sha256:4d89f536490e74691e6e1e232c72d112863d8597f894873c3f452e08f21843e4",
                "sha256:5682764e893e5e6621dd70f11b72993f723953ee3d374650bf9dcea99c04f9c2",
                "sha256:5a8a7402f28f2d7d3829d0e62bb370749bd6e013b6eb40cfe2637b298b2fd25f",
                "sha256:7e5b804e011d605c24662d30cc2e4c8f4896ee4c1d5f2ed5b73accbc3613af5f",
                "sha256:9a98d49f63259b16d3627976b69dd856888a376c498b091c8e9ead56d5098ca8",
                "sha256:af5fd9bfac0eef3875d6dc4496ba83ed1fb3f802045409a005d08c1ca98cad22",
                "sha256:c4417624aa88380cdf0fe110a8a6e0dbcc26f80887197fe5df0427dfa348ae62",
                "sha256:c6428e6086535231d99c1de464c8a8e2face60d255c4c20dd84379760beb9307",
                "sha256:d0e071a6fd2314447827285d33958b76b98090a78267bd7074f5bc10057db3d5",
                "sha256:d32efa985042147e87bc08b6f9bcf5335e0adefefdaf391484c38192e8a707f7",
                "sha256:d9be3514f22439a3fb468aa1b026654f5eafb1b65bd6b0ffe109439ad77adffc",
                "sha256:f97758ca465fd2cf9b3335881b073b3463558e985078f4d8f27941d9626615ea"
            ],
            "index": "pypi",
            "version": "==0.4.10"
        },
        "gunicorn": {
            "hashes": [
                "sha256:9d3e189e3e1ee5674a4c2e3c36415b02a0faa136c34077811124fbaa19163b85"
            ],
            "index": "pypi",
            "version": "==0.16.1"
        },
        "itsdangerous": {
            "hashes": [
                "sha256:cbb3fcf8d3e33df861709ecaf89d9e6629cff0a217bc2848f1b41cd30d360519"
            ],
            "index": "pypi",
            "version": "==0.24"
        },
        "jinja2": {
            "hashes": [
                "sha256:1cc03ef32b64be19e0a5b54578dd790906a34943fe9102cfdae0d4495bd536b4",
                "sha256:bc1ff2ff88dbfacefde4ddde471d1417d3b304e8df103a7a9437d47269201bf4"
            ],
            "index": "pypi",
            "version": "==2.8"
        },
        "mako": {
            "hashes": [
                "sha256:fed99dbe4d0ddb27a33ee4910d8708aca9ef1fe854e668387a9ab9a90cbf9059"
            ],
            "index": "pypi",
            "version": "==1.0.4"
        },
        "markupsafe": {
            "hashes": [
                "sha256:a4ec1aff59b95a14b45eb2e23761a0179e98319da5a7eb76b56ea8cdc7b871c3"
            ],
            "index": "pypi",
            "version": "==0.23"
        },
        "pillow": {
            "hashes": [
                "sha256:0142d0508315428014badb00325742e2e3d90339734f58ddaa072f9ec15420c4",
                "sha256:0ee9975c05602e755ff5000232e0335ba30d507f6261922a658ee11b1cec36d1",
                "sha256:3e1b1993e65bb40e9751ba7d00acb57ad954687bcadf14cbca9e8faeb57af4d2",
                "sha256:61b082064279d26dd292a4ced8d7a25fb8aea488dde9d71928ffc1c4f898cfcb",
                "sha256:6831afdd1e5542faf5c197b2d535be2c95976778cd658c96276220d3c1a3f526",
                "sha256:75a8fed85ca8e4ba87662f41563c7bb0c2c02b31739db132d8bfda2cdce9163f",
                "sha256:78667f7252947a72c2dc439593d369ec7ec2f1f4443d73239ae196797fbd8e0b",
                "sha256:85b237840ad8b30a1572bf9e3898a26c77910a56554d73ed4f58a42197c2e4c2",
                "sha256:89f6b6e2ea7bcb842512a1c8168e0adf75de2ed64331971d5b65911e0313ea93",
                "sha256:8ffabd1e2ee44be964b3f4df982a4be6ca29e93159c744f4b1a6519edf366bce",
                "sha256:963aa56368688280f22c1f21e2b23992424f7cfe167f0ec300eb6453f03d6a49",
                "sha256:979ca0d32b932fdd0ca9e3ec842e4bead6bba80612b45c7d77639d96d3453c7a",
                "sha256:a44ed4fd02dde15d1968fb5bc732427d3e179f93cc8420927423a308d30040a1",
                "sha256:a922540cc5881d3006d272e3ffdb693414a7e9bca2fa9443309cdd23eca0651c",
                "sha256:b1dbc2d8a11505eea4537d43db20daa42b96126214cc4e291db73da174f23821",
                "sha256:b28e94dfe4cfec91b1f9b6b07103f0dc18d195152499f936df7b7a6f0aa2ff67",
                "sha256:bbbe42e9c2fb41bb78cfa6801880da29730836bc8e65eb6d8af5b7aa027a7151",
                "sha256:be94b72de31747891c0a8cd45ab60e344f510f3f9f040fd55f1e25c0ddb6322c",
                "sha256:c53c3d1a72d84f460091613894d4b610914acd874dcfcf74cbbd03970bdfa289",
                "sha256:d94d5b6759be9401a23d8b8dcea8114d0d84aa2f2995886baa9923a8de2c78db",
                "sha256:df68a56ff419eecb2a634f3acd735bd57bfbc31244efd18e822ac01cf9e31795",
                "sha256:f9d2dd1c7007a97eb2832bcc30798bea181176b248d7362b6033d1c97e83c355",
                "sha256:fbb384b0936c9e71c5456707699e0fcdf6ce1004c08766463b8f48035651eea3",
                "sha256:fdc641ac432115e35d31441dbb253b016beea467dff402259d74b4df5e5f0f63"
            ],
            "index": "pypi",
            "version": "==3.4.2"
        },
        "psycopg2": {
            "hashes": [
                "sha256:0147e990cef0332e239de711f165b2a5e6feb7c5f8583985d4a3dcac1680a782",
                "sha256:0c68fb507415ce022402244cffe740018c9506367fe2d6323f0b47e2544b6b36",
                "sha256:18c2294c2a0a0df6bb5adfbcae50922b0e75909df8642c9286bf6b867866d181",
                "sha256:26551d8873130b9558628c5f0288bd07b00c3f82f7dbfe0acf3cd7cd45746672",
                "sha256:2a9c4bc78922be9d34a11fc38b75bef122d44f465eaf5f2a44021f7cbda3dfd6",
                "sha256:304304e8efce4077621f9a14cb7e53cdacb4a14ec92f5628204bc4254d4840fb",
                "sha256:32184c60b445ac9eb4a0058d54f7a5dddae6928f94dfa3683157dc5e70321212",
                "sha256:34b7e41d1747b26df3baf5397949cc938261c547f3bce208ffc7826c3897d5ac",
                "sha256:38ff8f65deb947a7499f24ceb5b40db24540027fdf7d927f4d2aab35fbbdd6b0",
                "sha256:3a11a757e61e3eb5dfa334cf0ce86f9fa1919efadbb98af833eaf3bcb90d7e58",
                "sha256:3f64897312a08928e71343fedc2a3812a1c46f03025fe327e5d41e0a7be53ee9",
                "sha256:4004e84c2846badfa1e14ba3cf5b9d7471071c872c1dd6290013c89fa2cc63b1",
                "sha256:4cae3856e9b41a4861ad32fd8a4aabc7669a0b828776bb3ce0ca29333dabf40c",
                "sha256:6b26f9ec7a0c5ca1b3528918caeb3c73bfceaced3fdea59d045c886cc2c43344",
                "sha256:74ee532d6068a1456d5eda254513656c716cdee0a7389c91c094c7ce3500a9c9",
                "sha256:86c9355f5374b008c8479bc00023b295c07d508f7c3b91dbd2e74f8925b1d9c6",
                "sha256:8f57535a377c23a78d5a8bbe929ec6977adb3e137fa42500436c784c60141613",
                "sha256:905764e8d1557e536c9fac35d412a21ad87b558e794104437bf4012a83438ed2",
                "sha256:911af115bb526b3a5d2f50e05096afc05e3867f55f24532b4a70811e63deab57",
                "sha256:9c9fe11f87c44e83620b2273f40338e3c25fdbfd34986dddc77e840e0acd25bc",
                "sha256:9f9de8b5e1b0b648bf4535b721a58eaccf92f747cd8d94380171a36f18553601",
                "sha256:a14bd664f4db452612688e8031fdf74da489cb042d78d49f2bbfcfa97aae135d",
                "sha256:ad0e145952e2e91aa1d80c4b9bd8ba9059f39b3538da7b1133b2ed84eb132ed3",
                "sha256:b4f24faa25232073092d246fc6118c29130c8a5bcc8fd4239edeba20fb12b24a",
                "sha256:ba6f4786262b4999f9cca420827469c88a79e1f65dabf6bb8a300518f7e11472",
                "sha256:bf48be2d01f6e34e5fbd8976f7b66158a83a33b92739acd13fc1934c60b71cfb",
                "sha256:ccd55766033411206d700bcd11e064081f784f256c4d4f6883dca4c3bde21ae2",
                "sha256:d2e98ff1546c632c29f740a938ba6e29d327ef55f3e816dd43c1e4e7d8cd369a",
                "sha256:f04d56f664108af9571d278c0ed942ecef0dd3e072fe21ac8c7497a51bfcdfba",
                "sha256:f1f6d1b0ab40e8d43e294c7a1cc6fe6d47a88225583e581c15e8bfcff04b3863",
                "sha256:f4cc27830081147ebca6eb729329c64b7f8e92e415733aa26705dd9f03303038"
            ],
            "index": "pypi",
            "version": "==2.7.1"
        },
        "python-editor": {
            "hashes": [
                "sha256:8672e9a44a7957741453dd35e842299f6c29f0a88dc9e4316b0fa5935abb9186"
            ],
            "index": "pypi",
            "version": "==1.0.1"
        },
        "python-engineio": {
            "hashes": [
                "sha256:c53282415ed9bc3cb4e7beafb2a1ce5c369af95dcf8f968061e5bc7572b60867"
            ],
            "index": "pypi",
            "version": "==0.9.2"
        },
        "python-socketio": {
            "hashes": [
                "sha256:140781ea89034fc5bbc3b017609ee5aa478f068835a88ddaa25604f13f5af168"
            ],
            "index": "pypi",
            "version": "==1.4.4"
        },
        "six": {
            "hashes": [
                "sha256:0ff78c403d9bccf5a425a6d31a12aa6b47f1c21ca4dc2573a7e2f32a97335eb1",
                "sha256:105f8d68616f8248e24bf0e9372ef04d3cc10104f1980f54d57b2ce73a5ad56a"
            ],
            "index": "pypi",
            "version": "==1.10.0"
        },
        "sqlalchemy": {
            "hashes": [
                "sha256:586f5ccf068211795a89ed22d196c5cc3006b6be00261bcac6f584c0b8e0845a"
            ],
            "index": "pypi",
            "version": "==1.0.15"
        },
        "werkzeug": {
            "hashes": [
                "sha256:cc64dafbacc716cdd42503cf6c44cb5a35576443d82f29f6829e5c49264aeeee",
                "sha256:f22b9762589decfde50149c7ee080713cbf6129b49ce2b398f59b709b161a8d3"
            ],
            "index": "pypi",
            "version": "==0.11.10"
        }
    },
    "develop": {}
}
